// !$*UTF8*$!
{
	archiveVersion = 1;
	classes = {
	};
	objectVersion = 46;
	objects = {

/* Begin PBXBuildFile section */
		C395C2971E2B1FD600F69E75 /* arvore.c in Sources */ = {isa = PBXBuildFile; fileRef = C395C2951E2B1FD600F69E75 /* arvore.c */; };
		C399BDE11E244844006C602D /* main.c in Sources */ = {isa = PBXBuildFile; fileRef = C399BDE01E244844006C602D /* main.c */; };
/* End PBXBuildFile section */

/* Begin PBXCopyFilesBuildPhase section */
		C399BDDB1E244843006C602D /* CopyFiles */ = {
			isa = PBXCopyFilesBuildPhase;
			buildActionMask = 2147483647;
			dstPath = /usr/share/man/man1/;
			dstSubfolderSpec = 0;
			files = (
			);
			runOnlyForDeploymentPostprocessing = 1;
		};
/* End PBXCopyFilesBuildPhase section */

/* Begin PBXFileReference section */
		C395C2951E2B1FD600F69E75 /* arvore.c */ = {isa = PBXFileReference; fileEncoding = 4; lastKnownFileType = sourcecode.c.c; path = arvore.c; sourceTree = "<group>"; };
		C395C2961E2B1FD600F69E75 /* arvore.h */ = {isa = PBXFileReference; fileEncoding = 4; lastKnownFileType = sourcecode.c.h; path = arvore.h; sourceTree = "<group>"; };
		C399BDDD1E244844006C602D /* Lista07 */ = {isa = PBXFileReference; explicitFileType = "compiled.mach-o.executable"; includeInIndex = 0; path = Lista07; sourceTree = BUILT_PRODUCTS_DIR; };
		C399BDE01E244844006C602D /* main.c */ = {isa = PBXFileReference; lastKnownFileType = sourcecode.c.c; path = main.c; sourceTree = "<group>"; };
/* End PBXFileReference section */

/* Begin PBXFrameworksBuildPhase section */
		C399BDDA1E244843006C602D /* Frameworks */ = {
			isa = PBXFrameworksBuildPhase;
			buildActionMask = 2147483647;
			files = (
			);
			runOnlyForDeploymentPostprocessing = 0;
		};
/* End PBXFrameworksBuildPhase section */

/* Begin PBXGroup section */
		C399BDD41E244843006C602D = {
			isa = PBXGroup;
			children = (
				C399BDDF1E244844006C602D /* Lista07 */,
				C399BDDE1E244844006C602D /* Products */,
			);
			sourceTree = "<group>";
		};
		C399BDDE1E244844006C602D /* Products */ = {
			isa = PBXGroup;
			children = (
				C399BDDD1E244844006C602D /* Lista07 */,
			);
			name = Products;
			sourceTree = "<group>";
		};
		C399BDDF1E244844006C602D /* Lista07 */ = {
			isa = PBXGroup;
			children = (
				C399BDE01E244844006C602D /* main.c */,
				C395C2951E2B1FD600F69E75 /* arvore.c */,
				C395C2961E2B1FD600F69E75 /* arvore.h */,
			);
			path = Lista07;
			sourceTree = "<group>";
		};
/* End PBXGroup section */

/* Begin PBXNativeTarget section */
		C399BDDC1E244843006C602D /* Lista07 */ = {
			isa = PBXNativeTarget;
			buildConfigurationList = C399BDE41E244844006C602D /* Build configuration list for PBXNativeTarget "Lista07" */;
			buildPhases = (
				C399BDD91E244843006C602D /* Sources */,
				C399BDDA1E244843006C602D /* Frameworks */,
				C399BDDB1E244843006C602D /* CopyFiles */,
			);
			buildRules = (
			);
			dependencies = (
			);
			name = Lista07;
			productName = Lista07;
			productReference = C399BDDD1E244844006C602D /* Lista07 */;
			productType = "com.apple.product-type.tool";
		};
/* End PBXNativeTarget section */

/* Begin PBXProject section */
		C399BDD51E244843006C602D /* Project object */ = {
			isa = PBXProject;
			attributes = {
				LastUpgradeCheck = 0810;
				ORGANIZATIONNAME = bepid;
				TargetAttributes = {
					C399BDDC1E244843006C602D = {
						CreatedOnToolsVersion = 8.1;
						DevelopmentTeam = N8Y7K82526;
						ProvisioningStyle = Automatic;
					};
				};
			};
			buildConfigurationList = C399BDD81E244843006C602D /* Build configuration list for PBXProject "Lista07" */;
			compatibilityVersion = "Xcode 3.2";
			developmentRegion = English;
			hasScannedForEncodings = 0;
			knownRegions = (
				en,
			);
			mainGroup = C399BDD41E244843006C602D;
			productRefGroup = C399BDDE1E244844006C602D /* Products */;
			projectDirPath = "";
			projectRoot = "";
			targets = (
				C399BDDC1E244843006C602D /* Lista07 */,
			);
		};
/* End PBXProject section */

/* Begin PBXSourcesBuildPhase section */
		C399BDD91E244843006C602D /* Sources */ = {
			isa = PBXSourcesBuildPhase;
			buildActionMask = 2147483647;
			files = (
				C395C2971E2B1FD600F69E75 /* arvore.c in Sources */,
				C399BDE11E244844006C602D /* main.c in Sources */,
			);
			runOnlyForDeploymentPostprocessing = 0;
		};
/* End PBXSourcesBuildPhase section */

/* Begin XCBuildConfiguration section */
		C399BDE21E244844006C602D /* Debug */ = {
			isa = XCBuildConfiguration;
			buildSettings = {
				ALWAYS_SEARCH_USER_PATHS = NO;
				CLANG_ANALYZER_NONNULL = YES;
				CLANG_CXX_LANGUAGE_STANDARD = "gnu++0x";
				CLANG_CXX_LIBRARY = "libc++";
				CLANG_ENABLE_MODULES = YES;
				CLANG_ENABLE_OBJC_ARC = YES;
				CLANG_WARN_BOOL_CONVERSION = YES;
				CLANG_WARN_CONSTANT_CONVERSION = YES;
				CLANG_WARN_DIRECT_OBJC_ISA_USAGE = YES_ERROR;
				CLANG_WARN_DOCUMENTATION_COMMENTS = YES;
				CLANG_WARN_EMPTY_BODY = YES;
				CLANG_WARN_ENUM_CONVERSION = YES;
				CLANG_WARN_INFINITE_RECURSION = YES;
				CLANG_WARN_INT_CONVERSION = YES;
				CLANG_WARN_OBJC_ROOT_CLASS = YES_ERROR;
				CLANG_WARN_SUSPICIOUS_MOVES = YES;
				CLANG_WARN_UNREACHABLE_CODE = YES;
				CLANG_WARN__DUPLICATE_METHOD_MATCH = YES;
				CODE_SIGN_IDENTITY = "-";
				COPY_PHASE_STRIP = NO;
				DEBUG_INFORMATION_FORMAT = dwarf;
				ENABLE_STRICT_OBJC_MSGSEND = YES;
				ENABLE_TESTABILITY = YES;
				GCC_C_LANGUAGE_STANDARD = gnu99;
				GCC_DYNAMIC_NO_PIC = NO;
				GCC_NO_COMMON_BLOCKS = YES;
				GCC_OPTIMIZATION_LEVEL = 0;
				GCC_PREPROCESSOR_DEFINITIONS = (
					"DEBUG=1",
					"$(inherited)",
				);
				GCC_WARN_64_TO_32_BIT_CONVERSION = YES;
				GCC_WARN_ABOUT_RETURN_TYPE = YES_ERROR;
				GCC_WARN_UNDECLARED_SELECTOR = YES;
				GCC_WARN_UNINITIALIZED_AUTOS = YES_AGGRESSIVE;
				GCC_WARN_UNUSED_FUNCTION = YES;
				GCC_WARN_UNUSED_VARIABLE = YES;
				MACOSX_DEPLOYMENT_TARGET = 10.12;
				MTL_ENABLE_DEBUG_INFO = YES;
				ONLY_ACTIVE_ARCH = YES;
				SDKROOT = macosx;
			};
			name = Debug;
		};
		C399BDE31E244844006C602D /* Release */ = {
			isa = XCBuildConfiguration;
			buildSettings = {
				ALWAYS_SEARCH_USER_PATHS = NO;
				CLANG_ANALYZER_NONNULL = YES;
				CLANG_CXX_LANGUAGE_STANDARD = "gnu++0x";
				CLANG_CXX_LIBRARY = "libc++";
				CLANG_ENABLE_MODULES = YES;
				CLANG_ENABLE_OBJC_ARC = YES;
				CLANG_WARN_BOOL_CONVERSION = YES;
				CLANG_WARN_CONSTANT_CONVERSION = YES;
				CLANG_WARN_DIRECT_OBJC_ISA_USAGE = YES_ERROR;
				CLANG_WARN_DOCUMENTATION_COMMENTS = YES;
				CLANG_WARN_EMPTY_BODY = YES;
				CLANG_WARN_ENUM_CONVERSION = YES;
				CLANG_WARN_INFINITE_RECURSION = YES;
				CLANG_WARN_INT_CONVERSION = YES;
				CLANG_WARN_OBJC_ROOT_CLASS = YES_ERROR;
				CLANG_WARN_SUSPICIOUS_MOVES = YES;
				CLANG_WARN_UNREACHABLE_CODE = YES;
				CLANG_WARN__DUPLICATE_METHOD_MATCH = YES;
				CODE_SIGN_IDENTITY = "-";
				COPY_PHASE_STRIP = NO;
				DEBUG_INFORMATION_FORMAT = "dwarf-with-dsym";
				ENABLE_NS_ASSERTIONS = NO;
				ENABLE_STRICT_OBJC_MSGSEND = YES;
				GCC_C_LANGUAGE_STANDARD = gnu99;
				GCC_NO_COMMON_BLOCKS = YES;
				GCC_WARN_64_TO_32_BIT_CONVERSION = YES;
				GCC_WARN_ABOUT_RETURN_TYPE = YES_ERROR;
				GCC_WARN_UNDECLARED_SELECTOR = YES;
				GCC_WARN_UNINITIALIZED_AUTOS = YES_AGGRESSIVE;
				GCC_WARN_UNUSED_FUNCTION = YES;
				GCC_WARN_UNUSED_VARIABLE = YES;
				MACOSX_DEPLOYMENT_TARGET = 10.12;
				MTL_ENABLE_DEBUG_INFO = NO;
				SDKROOT = macosx;
			};
			name = Release;
		};
		C399BDE51E244844006C602D /* Debug */ = {
			isa = XCBuildConfiguration;
			buildSettings = {
				DEVELOPMENT_TEAM = N8Y7K82526;
				PRODUCT_NAME = "$(TARGET_NAME)";
			};
			name = Debug;
		};
		C399BDE61E244844006C602D /* Release */ = {
			isa = XCBuildConfiguration;
			buildSettings = {
				DEVELOPMENT_TEAM = N8Y7K82526;
				PRODUCT_NAME = "$(TARGET_NAME)";
			};
			name = Release;
		};
/* End XCBuildConfiguration section */

/* Begin XCConfigurationList section */
		C399BDD81E244843006C602D /* Build configuration list for PBXProject "Lista07" */ = {
			isa = XCConfigurationList;
			buildConfigurations = (
				C399BDE21E244844006C602D /* Debug */,
				C399BDE31E244844006C602D /* Release */,
			);
			defaultConfigurationIsVisible = 0;
			defaultConfigurationName = Release;
		};
		C399BDE41E244844006C602D /* Build configuration list for PBXNativeTarget "Lista07" */ = {
			isa = XCConfigurationList;
			buildConfigurations = (
				C399BDE51E244844006C602D /* Debug */,
				C399BDE61E244844006C602D /* Release */,
			);
			defaultConfigurationIsVisible = 0;
			defaultConfigurationName = Release;
		};
/* End XCConfigurationList section */
	};
	rootObject = C399BDD51E244843006C602D /* Project object */;
}
